
Microsoft Visual Studio Solution File, Format Version 12.00
# Visual Studio Version 16
VisualStudioVersion = 16.0.29519.181
MinimumVisualStudioVersion = 10.0.40219.1
Project("{FAE04EC0-301F-11D3-BF4B-00C04F79EFBC}") = "EntryBindingRepro.UWP", "EntryBindingRepro\EntryBindingRepro.UWP\EntryBindingRepro.UWP.csproj", "{31152205-BFE2-420B-B8BE-90E996EDAFBD}"
EndProject
Project("{FAE04EC0-301F-11D3-BF4B-00C04F79EFBC}") = "EntryBindingRepro.Android", "EntryBindingRepro\EntryBindingRepro.Android\EntryBindingRepro.Android.csproj", "{145987BC-18DE-484C-88AC-0680288BC9FA}"
EndProject
Project("{FAE04EC0-301F-11D3-BF4B-00C04F79EFBC}") = "EntryBindingRepro.iOS", "EntryBindingRepro\EntryBindingRepro.iOS\EntryBindingRepro.iOS.csproj", "{0EC6F5CC-9CDC-42D9-AF67-FDC1FBBF649F}"
EndProject
Project("{FAE04EC0-301F-11D3-BF4B-00C04F79EFBC}") = "EntryBindingRepro", "EntryBindingRepro\EntryBindingRepro\EntryBindingRepro.csproj", "{A5099BB5-4CF0-4554-803B-B61290B893CF}"
EndProject
Global
	GlobalSection(SolutionConfigurationPlatforms) = preSolution
		Debug|Any CPU = Debug|Any CPU
		Debug|ARM = Debug|ARM
		Debug|iPhone = Debug|iPhone
		Debug|iPhoneSimulator = Debug|iPhoneSimulator
		Debug|x64 = Debug|x64
		Debug|x86 = Debug|x86
		Release|Any CPU = Release|Any CPU
		Release|ARM = Release|ARM
		Release|iPhone = Release|iPhone
		Release|iPhoneSimulator = Release|iPhoneSimulator
		Release|x64 = Release|x64
		Release|x86 = Release|x86
	EndGlobalSection
	GlobalSection(ProjectConfigurationPlatforms) = postSolution
		{31152205-BFE2-420B-B8BE-90E996EDAFBD}.Debug|Any CPU.ActiveCfg = Debug|x86
		{31152205-BFE2-420B-B8BE-90E996EDAFBD}.Debug|Any CPU.Build.0 = Debug|x86
		{31152205-BFE2-420B-B8BE-90E996EDAFBD}.Debug|Any CPU.Deploy.0 = Debug|x86
		{31152205-BFE2-420B-B8BE-90E996EDAFBD}.Debug|ARM.ActiveCfg = Debug|ARM
		{31152205-BFE2-420B-B8BE-90E996EDAFBD}.Debug|ARM.Build.0 = Debug|ARM
		{31152205-BFE2-420B-B8BE-90E996EDAFBD}.Debug|ARM.Deploy.0 = Debug|ARM
		{31152205-BFE2-420B-B8BE-90E996EDAFBD}.Debug|iPhone.ActiveCfg = Debug|x86
		{31152205-BFE2-420B-B8BE-90E996EDAFBD}.Debug|iPhone.Build.0 = Debug|x86
		{31152205-BFE2-420B-B8BE-90E996EDAFBD}.Debug|iPhone.Deploy.0 = Debug|x86
		{31152205-BFE2-420B-B8BE-90E996EDAFBD}.Debug|iPhoneSimulator.ActiveCfg = Debug|x86
		{31152205-BFE2-420B-B8BE-90E996EDAFBD}.Debug|iPhoneSimulator.Build.0 = Debug|x86
		{31152205-BFE2-420B-B8BE-90E996EDAFBD}.Debug|iPhoneSimulator.Deploy.0 = Debug|x86
		{31152205-BFE2-420B-B8BE-90E996EDAFBD}.Debug|x64.ActiveCfg = Debug|x64
		{31152205-BFE2-420B-B8BE-90E996EDAFBD}.Debug|x64.Build.0 = Debug|x64
		{31152205-BFE2-420B-B8BE-90E996EDAFBD}.Debug|x64.Deploy.0 = Debug|x64
		{31152205-BFE2-420B-B8BE-90E996EDAFBD}.Debug|x86.ActiveCfg = Debug|x86
		{31152205-BFE2-420B-B8BE-90E996EDAFBD}.Debug|x86.Build.0 = Debug|x86
		{31152205-BFE2-420B-B8BE-90E996EDAFBD}.Debug|x86.Deploy.0 = Debug|x86
		{31152205-BFE2-420B-B8BE-90E996EDAFBD}.Release|Any CPU.ActiveCfg = Release|x86
		{31152205-BFE2-420B-B8BE-90E996EDAFBD}.Release|Any CPU.Build.0 = Release|x86
		{31152205-BFE2-420B-B8BE-90E996EDAFBD}.Release|Any CPU.Deploy.0 = Release|x86
		{31152205-BFE2-420B-B8BE-90E996EDAFBD}.Release|ARM.ActiveCfg = Release|ARM
		{31152205-BFE2-420B-B8BE-90E996EDAFBD}.Release|ARM.Build.0 = Release|ARM
		{31152205-BFE2-420B-B8BE-90E996EDAFBD}.Release|ARM.Deploy.0 = Release|ARM
		{31152205-BFE2-420B-B8BE-90E996EDAFBD}.Release|iPhone.ActiveCfg = Release|x86
		{31152205-BFE2-420B-B8BE-90E996EDAFBD}.Release|iPhone.Build.0 = Release|x86
		{31152205-BFE2-420B-B8BE-90E996EDAFBD}.Release|iPhone.Deploy.0 = Release|x86
		{31152205-BFE2-420B-B8BE-90E996EDAFBD}.Release|iPhoneSimulator.ActiveCfg = Release|x86
		{31152205-BFE2-420B-B8BE-90E996EDAFBD}.Release|iPhoneSimulator.Build.0 = Release|x86
		{31152205-BFE2-420B-B8BE-90E996EDAFBD}.Release|iPhoneSimulator.Deploy.0 = Release|x86
		{31152205-BFE2-420B-B8BE-90E996EDAFBD}.Release|x64.ActiveCfg = Release|x64
		{31152205-BFE2-420B-B8BE-90E996EDAFBD}.Release|x64.Build.0 = Release|x64
		{31152205-BFE2-420B-B8BE-90E996EDAFBD}.Release|x64.Deploy.0 = Release|x64
		{31152205-BFE2-420B-B8BE-90E996EDAFBD}.Release|x86.ActiveCfg = Release|x86
		{31152205-BFE2-420B-B8BE-90E996EDAFBD}.Release|x86.Build.0 = Release|x86
		{31152205-BFE2-420B-B8BE-90E996EDAFBD}.Release|x86.Deploy.0 = Release|x86
		{145987BC-18DE-484C-88AC-0680288BC9FA}.Debug|Any CPU.ActiveCfg = Debug|Any CPU
		{145987BC-18DE-484C-88AC-0680288BC9FA}.Debug|Any CPU.Build.0 = Debug|Any CPU
		{145987BC-18DE-484C-88AC-0680288BC9FA}.Debug|Any CPU.Deploy.0 = Debug|Any CPU
		{145987BC-18DE-484C-88AC-0680288BC9FA}.Debug|ARM.ActiveCfg = Debug|Any CPU
		{145987BC-18DE-484C-88AC-0680288BC9FA}.Debug|ARM.Build.0 = Debug|Any CPU
		{145987BC-18DE-484C-88AC-0680288BC9FA}.Debug|ARM.Deploy.0 = Debug|Any CPU
		{145987BC-18DE-484C-88AC-0680288BC9FA}.Debug|iPhone.ActiveCfg = Debug|Any CPU
		{145987BC-18DE-484C-88AC-0680288BC9FA}.Debug|iPhone.Build.0 = Debug|Any CPU
		{145987BC-18DE-484C-88AC-0680288BC9FA}.Debug|iPhone.Deploy.0 = Debug|Any CPU
		{145987BC-18DE-484C-88AC-0680288BC9FA}.Debug|iPhoneSimulator.ActiveCfg = Debug|Any CPU
		{145987BC-18DE-484C-88AC-0680288BC9FA}.Debug|iPhoneSimulator.Build.0 = Debug|Any CPU
		{145987BC-18DE-484C-88AC-0680288BC9FA}.Debug|iPhoneSimulator.Deploy.0 = Debug|Any CPU
		{145987BC-18DE-484C-88AC-0680288BC9FA}.Debug|x64.ActiveCfg = Debug|Any CPU
		{145987BC-18DE-484C-88AC-0680288BC9FA}.Debug|x64.Build.0 = Debug|Any CPU
		{145987BC-18DE-484C-88AC-0680288BC9FA}.Debug|x64.Deploy.0 = Debug|Any CPU
		{145987BC-18DE-484C-88AC-0680288BC9FA}.Debug|x86.ActiveCfg = Debug|Any CPU
		{145987BC-18DE-484C-88AC-0680288BC9FA}.Debug|x86.Build.0 = Debug|Any CPU
		{145987BC-18DE-484C-88AC-0680288BC9FA}.Debug|x86.Deploy.0 = Debug|Any CPU
		{145987BC-18DE-484C-88AC-0680288BC9FA}.Release|Any CPU.ActiveCfg = Release|Any CPU
		{145987BC-18DE-484C-88AC-0680288BC9FA}.Release|Any CPU.Build.0 = Release|Any CPU
		{145987BC-18DE-484C-88AC-0680288BC9FA}.Release|Any CPU.Deploy.0 = Release|Any CPU
		{145987BC-18DE-484C-88AC-0680288BC9FA}.Release|ARM.ActiveCfg = Release|Any CPU
		{145987BC-18DE-484C-88AC-0680288BC9FA}.Release|ARM.Build.0 = Release|Any CPU
		{145987BC-18DE-484C-88AC-0680288BC9FA}.Release|ARM.Deploy.0 = Release|Any CPU
		{145987BC-18DE-484C-88AC-0680288BC9FA}.Release|iPhone.ActiveCfg = Release|Any CPU
		{145987BC-18DE-484C-88AC-0680288BC9FA}.Release|iPhone.Build.0 = Release|Any CPU
		{145987BC-18DE-484C-88AC-0680288BC9FA}.Release|iPhone.Deploy.0 = Release|Any CPU
		{145987BC-18DE-484C-88AC-0680288BC9FA}.Release|iPhoneSimulator.ActiveCfg = Release|Any CPU
		{145987BC-18DE-484C-88AC-0680288BC9FA}.Release|iPhoneSimulator.Build.0 = Release|Any CPU
		{145987BC-18DE-484C-88AC-0680288BC9FA}.Release|iPhoneSimulator.Deploy.0 = Release|Any CPU
		{145987BC-18DE-484C-88AC-0680288BC9FA}.Release|x64.ActiveCfg = Release|Any CPU
		{145987BC-18DE-484C-88AC-0680288BC9FA}.Release|x64.Build.0 = Release|Any CPU
		{145987BC-18DE-484C-88AC-0680288BC9FA}.Release|x64.Deploy.0 = Release|Any CPU
		{145987BC-18DE-484C-88AC-0680288BC9FA}.Release|x86.ActiveCfg = Release|Any CPU
		{145987BC-18DE-484C-88AC-0680288BC9FA}.Release|x86.Build.0 = Release|Any CPU
		{145987BC-18DE-484C-88AC-0680288BC9FA}.Release|x86.Deploy.0 = Release|Any CPU
		{0EC6F5CC-9CDC-42D9-AF67-FDC1FBBF649F}.Debug|Any CPU.ActiveCfg = Debug|iPhone
		{0EC6F5CC-9CDC-42D9-AF67-FDC1FBBF649F}.Debug|Any CPU.Build.0 = Debug|iPhone
		{0EC6F5CC-9CDC-42D9-AF67-FDC1FBBF649F}.Debug|Any CPU.Deploy.0 = Debug|iPhone
		{0EC6F5CC-9CDC-42D9-AF67-FDC1FBBF649F}.Debug|ARM.ActiveCfg = Debug|iPhoneSimulator
		{0EC6F5CC-9CDC-42D9-AF67-FDC1FBBF649F}.Debug|ARM.Build.0 = Debug|iPhoneSimulator
		{0EC6F5CC-9CDC-42D9-AF67-FDC1FBBF649F}.Debug|ARM.Deploy.0 = Debug|iPhoneSimulator
		{0EC6F5CC-9CDC-42D9-AF67-FDC1FBBF649F}.Debug|iPhone.ActiveCfg = Debug|iPhone
		{0EC6F5CC-9CDC-42D9-AF67-FDC1FBBF649F}.Debug|iPhone.Build.0 = Debug|iPhone
		{0EC6F5CC-9CDC-42D9-AF67-FDC1FBBF649F}.Debug|iPhone.Deploy.0 = Debug|iPhone
		{0EC6F5CC-9CDC-42D9-AF67-FDC1FBBF649F}.Debug|iPhoneSimulator.ActiveCfg = Debug|iPhoneSimulator
		{0EC6F5CC-9CDC-42D9-AF67-FDC1FBBF649F}.Debug|iPhoneSimulator.Build.0 = Debug|iPhoneSimulator
		{0EC6F5CC-9CDC-42D9-AF67-FDC1FBBF649F}.Debug|iPhoneSimulator.Deploy.0 = Debug|iPhoneSimulator
		{0EC6F5CC-9CDC-42D9-AF67-FDC1FBBF649F}.Debug|x64.ActiveCfg = Debug|iPhone
		{0EC6F5CC-9CDC-42D9-AF67-FDC1FBBF649F}.Debug|x64.Build.0 = Debug|iPhone
		{0EC6F5CC-9CDC-42D9-AF67-FDC1FBBF649F}.Debug|x64.Deploy.0 = Debug|iPhone
		{0EC6F5CC-9CDC-42D9-AF67-FDC1FBBF649F}.Debug|x86.ActiveCfg = Debug|iPhone
		{0EC6F5CC-9CDC-42D9-AF67-FDC1FBBF649F}.Debug|x86.Build.0 = Debug|iPhone
		{0EC6F5CC-9CDC-42D9-AF67-FDC1FBBF649F}.Debug|x86.Deploy.0 = Debug|iPhone
		{0EC6F5CC-9CDC-42D9-AF67-FDC1FBBF649F}.Release|Any CPU.ActiveCfg = Release|iPhone
		{0EC6F5CC-9CDC-42D9-AF67-FDC1FBBF649F}.Release|Any CPU.Build.0 = Release|iPhone
		{0EC6F5CC-9CDC-42D9-AF67-FDC1FBBF649F}.Release|Any CPU.Deploy.0 = Release|iPhone
		{0EC6F5CC-9CDC-42D9-AF67-FDC1FBBF649F}.Release|ARM.ActiveCfg = Release|iPhone
		{0EC6F5CC-9CDC-42D9-AF67-FDC1FBBF649F}.Release|ARM.Build.0 = Release|iPhone
		{0EC6F5CC-9CDC-42D9-AF67-FDC1FBBF649F}.Release|ARM.Deploy.0 = Release|iPhone
		{0EC6F5CC-9CDC-42D9-AF67-FDC1FBBF649F}.Release|iPhone.ActiveCfg = Release|iPhone
		{0EC6F5CC-9CDC-42D9-AF67-FDC1FBBF649F}.Release|iPhone.Build.0 = Release|iPhone
		{0EC6F5CC-9CDC-42D9-AF67-FDC1FBBF649F}.Release|iPhone.Deploy.0 = Release|iPhone
		{0EC6F5CC-9CDC-42D9-AF67-FDC1FBBF649F}.Release|iPhoneSimulator.ActiveCfg = Release|iPhoneSimulator
		{0EC6F5CC-9CDC-42D9-AF67-FDC1FBBF649F}.Release|iPhoneSimulator.Build.0 = Release|iPhoneSimulator
		{0EC6F5CC-9CDC-42D9-AF67-FDC1FBBF649F}.Release|iPhoneSimulator.Deploy.0 = Release|iPhoneSimulator
		{0EC6F5CC-9CDC-42D9-AF67-FDC1FBBF649F}.Release|x64.ActiveCfg = Release|iPhone
		{0EC6F5CC-9CDC-42D9-AF67-FDC1FBBF649F}.Release|x64.Build.0 = Release|iPhone
		{0EC6F5CC-9CDC-42D9-AF67-FDC1FBBF649F}.Release|x64.Deploy.0 = Release|iPhone
		{0EC6F5CC-9CDC-42D9-AF67-FDC1FBBF649F}.Release|x86.ActiveCfg = Release|iPhone
		{0EC6F5CC-9CDC-42D9-AF67-FDC1FBBF649F}.Release|x86.Build.0 = Release|iPhone
		{0EC6F5CC-9CDC-42D9-AF67-FDC1FBBF649F}.Release|x86.Deploy.0 = Release|iPhone
		{A5099BB5-4CF0-4554-803B-B61290B893CF}.Debug|Any CPU.ActiveCfg = Debug|Any CPU
		{A5099BB5-4CF0-4554-803B-B61290B893CF}.Debug|Any CPU.Build.0 = Debug|Any CPU
		{A5099BB5-4CF0-4554-803B-B61290B893CF}.Debug|Any CPU.Deploy.0 = Debug|Any CPU
		{A5099BB5-4CF0-4554-803B-B61290B893CF}.Debug|ARM.ActiveCfg = Debug|Any CPU
		{A5099BB5-4CF0-4554-803B-B61290B893CF}.Debug|ARM.Build.0 = Debug|Any CPU
		{A5099BB5-4CF0-4554-803B-B61290B893CF}.Debug|ARM.Deploy.0 = Debug|Any CPU
		{A5099BB5-4CF0-4554-803B-B61290B893CF}.Debug|iPhone.ActiveCfg = Debug|Any CPU
		{A5099BB5-4CF0-4554-803B-B61290B893CF}.Debug|iPhone.Build.0 = Debug|Any CPU
		{A5099BB5-4CF0-4554-803B-B61290B893CF}.Debug|iPhone.Deploy.0 = Debug|Any CPU
		{A5099BB5-4CF0-4554-803B-B61290B893CF}.Debug|iPhoneSimulator.ActiveCfg = Debug|Any CPU
		{A5099BB5-4CF0-4554-803B-B61290B893CF}.Debug|iPhoneSimulator.Build.0 = Debug|Any CPU
		{A5099BB5-4CF0-4554-803B-B61290B893CF}.Debug|iPhoneSimulator.Deploy.0 = Debug|Any CPU
		{A5099BB5-4CF0-4554-803B-B61290B893CF}.Debug|x64.ActiveCfg = Debug|Any CPU
		{A5099BB5-4CF0-4554-803B-B61290B893CF}.Debug|x64.Build.0 = Debug|Any CPU
		{A5099BB5-4CF0-4554-803B-B61290B893CF}.Debug|x64.Deploy.0 = Debug|Any CPU
		{A5099BB5-4CF0-4554-803B-B61290B893CF}.Debug|x86.ActiveCfg = Debug|Any CPU
		{A5099BB5-4CF0-4554-803B-B61290B893CF}.Debug|x86.Build.0 = Debug|Any CPU
		{A5099BB5-4CF0-4554-803B-B61290B893CF}.Debug|x86.Deploy.0 = Debug|Any CPU
		{A5099BB5-4CF0-4554-803B-B61290B893CF}.Release|Any CPU.ActiveCfg = Release|Any CPU
		{A5099BB5-4CF0-4554-803B-B61290B893CF}.Release|Any CPU.Build.0 = Release|Any CPU
		{A5099BB5-4CF0-4554-803B-B61290B893CF}.Release|Any CPU.Deploy.0 = Release|Any CPU
		{A5099BB5-4CF0-4554-803B-B61290B893CF}.Release|ARM.ActiveCfg = Release|Any CPU
		{A5099BB5-4CF0-4554-803B-B61290B893CF}.Release|ARM.Build.0 = Release|Any CPU
		{A5099BB5-4CF0-4554-803B-B61290B893CF}.Release|ARM.Deploy.0 = Release|Any CPU
		{A5099BB5-4CF0-4554-803B-B61290B893CF}.Release|iPhone.ActiveCfg = Release|Any CPU
		{A5099BB5-4CF0-4554-803B-B61290B893CF}.Release|iPhone.Build.0 = Release|Any CPU
		{A5099BB5-4CF0-4554-803B-B61290B893CF}.Release|iPhone.Deploy.0 = Release|Any CPU
		{A5099BB5-4CF0-4554-803B-B61290B893CF}.Release|iPhoneSimulator.ActiveCfg = Release|Any CPU
		{A5099BB5-4CF0-4554-803B-B61290B893CF}.Release|iPhoneSimulator.Build.0 = Release|Any CPU
		{A5099BB5-4CF0-4554-803B-B61290B893CF}.Release|iPhoneSimulator.Deploy.0 = Release|Any CPU
		{A5099BB5-4CF0-4554-803B-B61290B893CF}.Release|x64.ActiveCfg = Release|Any CPU
		{A5099BB5-4CF0-4554-803B-B61290B893CF}.Release|x64.Build.0 = Release|Any CPU
		{A5099BB5-4CF0-4554-803B-B61290B893CF}.Release|x64.Deploy.0 = Release|Any CPU
		{A5099BB5-4CF0-4554-803B-B61290B893CF}.Release|x86.ActiveCfg = Release|Any CPU
		{A5099BB5-4CF0-4554-803B-B61290B893CF}.Release|x86.Build.0 = Release|Any CPU
		{A5099BB5-4CF0-4554-803B-B61290B893CF}.Release|x86.Deploy.0 = Release|Any CPU
	EndGlobalSection
	GlobalSection(SolutionProperties) = preSolution
		HideSolutionNode = FALSE
	EndGlobalSection
	GlobalSection(ExtensibilityGlobals) = postSolution
		SolutionGuid = {42847EA4-5F48-465B-A9BD-CB5D908F1FED}
	EndGlobalSection
EndGlobal
